// !$*UTF8*$!
{
	archiveVersion = 1;
	classes = {
	};
	objectVersion = 56;
	objects = {

/* Begin PBXBuildFile section */
		EE3D97EE2BA06868007DC1DF /* PopUpViewModel.swift in Sources */ = {isa = PBXBuildFile; fileRef = EE3D97ED2BA06868007DC1DF /* PopUpViewModel.swift */; };
		EEAD102B2AFB6D520078A08C /* AppDelegate.swift in Sources */ = {isa = PBXBuildFile; fileRef = EEAD102A2AFB6D520078A08C /* AppDelegate.swift */; };
		EEAD102D2AFB6D520078A08C /* SceneDelegate.swift in Sources */ = {isa = PBXBuildFile; fileRef = EEAD102C2AFB6D520078A08C /* SceneDelegate.swift */; };
		EEAD102F2AFB6D520078A08C /* ViewController.swift in Sources */ = {isa = PBXBuildFile; fileRef = EEAD102E2AFB6D520078A08C /* ViewController.swift */; };
		EEAD10342AFB6D530078A08C /* Assets.xcassets in Resources */ = {isa = PBXBuildFile; fileRef = EEAD10332AFB6D530078A08C /* Assets.xcassets */; };
		EEAD10372AFB6D530078A08C /* LaunchScreen.storyboard in Resources */ = {isa = PBXBuildFile; fileRef = EEAD10352AFB6D530078A08C /* LaunchScreen.storyboard */; };
		EEAD10422AFB6D530078A08C /* NANOTests.swift in Sources */ = {isa = PBXBuildFile; fileRef = EEAD10412AFB6D530078A08C /* NANOTests.swift */; };
		EEAD104C2AFB6D530078A08C /* NANOUITests.swift in Sources */ = {isa = PBXBuildFile; fileRef = EEAD104B2AFB6D530078A08C /* NANOUITests.swift */; };
		EEAD104E2AFB6D530078A08C /* NANOUITestsLaunchTests.swift in Sources */ = {isa = PBXBuildFile; fileRef = EEAD104D2AFB6D530078A08C /* NANOUITestsLaunchTests.swift */; };
		EEAD105C2AFB7AE70078A08C /* SnapKit in Frameworks */ = {isa = PBXBuildFile; productRef = EEAD105B2AFB7AE70078A08C /* SnapKit */; };
		EEAD10652AFB7B370078A08C /* RxCocoa in Frameworks */ = {isa = PBXBuildFile; productRef = EEAD10642AFB7B370078A08C /* RxCocoa */; };
		EEAD10692AFB7B370078A08C /* RxRelay in Frameworks */ = {isa = PBXBuildFile; productRef = EEAD10682AFB7B370078A08C /* RxRelay */; };
		EEAD106D2AFB7B370078A08C /* RxSwift in Frameworks */ = {isa = PBXBuildFile; productRef = EEAD106C2AFB7B370078A08C /* RxSwift */; };
		EEAD107A2B01F01D0078A08C /* Networks.swift in Sources */ = {isa = PBXBuildFile; fileRef = EEAD10792B01F01D0078A08C /* Networks.swift */; };
		EEAD107E2B0359350078A08C /* SongsResponse.swift in Sources */ = {isa = PBXBuildFile; fileRef = EEAD107D2B0359350078A08C /* SongsResponse.swift */; };
		EEAD10812B049BA70078A08C /* SearchUseCase.swift in Sources */ = {isa = PBXBuildFile; fileRef = EEAD10802B049BA70078A08C /* SearchUseCase.swift */; };
		EEAD10832B073D420078A08C /* ReleaseUseCase.swift in Sources */ = {isa = PBXBuildFile; fileRef = EEAD10822B073D420078A08C /* ReleaseUseCase.swift */; };
		EEAD10882B07431D0078A08C /* SearchViewModel.swift in Sources */ = {isa = PBXBuildFile; fileRef = EEAD10872B07431D0078A08C /* SearchViewModel.swift */; };
		EEAD108A2B07480D0078A08C /* ViewModel.swift in Sources */ = {isa = PBXBuildFile; fileRef = EEAD10892B07480D0078A08C /* ViewModel.swift */; };
		EEAD108C2B0754FC0078A08C /* ReleaseViewModel.swift in Sources */ = {isa = PBXBuildFile; fileRef = EEAD108B2B0754FC0078A08C /* ReleaseViewModel.swift */; };
		EEAD108E2B0757BC0078A08C /* MySongsViewModel.swift in Sources */ = {isa = PBXBuildFile; fileRef = EEAD108D2B0757BC0078A08C /* MySongsViewModel.swift */; };
		EEAD10902B075A5C0078A08C /* AppState.swift in Sources */ = {isa = PBXBuildFile; fileRef = EEAD108F2B075A5C0078A08C /* AppState.swift */; };
		EEAD10932B0DC63B0078A08C /* ChoiceViewController.swift in Sources */ = {isa = PBXBuildFile; fileRef = EEAD10922B0DC63B0078A08C /* ChoiceViewController.swift */; };
		EEAD10962B0DC6B40078A08C /* ChoiceView.swift in Sources */ = {isa = PBXBuildFile; fileRef = EEAD10952B0DC6B40078A08C /* ChoiceView.swift */; };
		EEAD109A2B0DC8010078A08C /* TopLabelView.swift in Sources */ = {isa = PBXBuildFile; fileRef = EEAD10992B0DC8010078A08C /* TopLabelView.swift */; };
		EEAD109E2B0DCF0C0078A08C /* UILabel+.swift in Sources */ = {isa = PBXBuildFile; fileRef = EEAD109D2B0DCF0C0078A08C /* UILabel+.swift */; };
		EEAD10A42B0DCFF70078A08C /* UIColor+.swift in Sources */ = {isa = PBXBuildFile; fileRef = EEAD10A32B0DCFF70078A08C /* UIColor+.swift */; };
		EEAD10A62B0DD21D0078A08C /* UIFont+.swift in Sources */ = {isa = PBXBuildFile; fileRef = EEAD10A52B0DD21D0078A08C /* UIFont+.swift */; };
		EEAD10AA2B0DD8770078A08C /* CalculatingFigma.swift in Sources */ = {isa = PBXBuildFile; fileRef = EEAD10A92B0DD8770078A08C /* CalculatingFigma.swift */; };
		EEAD10AC2B0DDCD60078A08C /* BrandPickerView.swift in Sources */ = {isa = PBXBuildFile; fileRef = EEAD10AB2B0DDCD60078A08C /* BrandPickerView.swift */; };
		EEAD10B02B0DE46F0078A08C /* MainButton.swift in Sources */ = {isa = PBXBuildFile; fileRef = EEAD10AF2B0DE46F0078A08C /* MainButton.swift */; };
		EEAD10B32B1488990078A08C /* SearchView.swift in Sources */ = {isa = PBXBuildFile; fileRef = EEAD10B22B1488990078A08C /* SearchView.swift */; };
		EEAD10B82B15C0780078A08C /* MainSearchBar.swift in Sources */ = {isa = PBXBuildFile; fileRef = EEAD10B72B15C0780078A08C /* MainSearchBar.swift */; };
		EEAD10BB2B15CE520078A08C /* SongInfoCell.swift in Sources */ = {isa = PBXBuildFile; fileRef = EEAD10BA2B15CE520078A08C /* SongInfoCell.swift */; };
		EEAD10BF2B1604AC0078A08C /* Reusable.swift in Sources */ = {isa = PBXBuildFile; fileRef = EEAD10BE2B1604AC0078A08C /* Reusable.swift */; };
		EEAD10C12B1705810078A08C /* SearchViewController.swift in Sources */ = {isa = PBXBuildFile; fileRef = EEAD10C02B1705810078A08C /* SearchViewController.swift */; };
		EEAD10C42B1720C30078A08C /* UITableView+.swift in Sources */ = {isa = PBXBuildFile; fileRef = EEAD10C32B1720C30078A08C /* UITableView+.swift */; };
		EEAD10C62B19BA920078A08C /* PlaylistCell.swift in Sources */ = {isa = PBXBuildFile; fileRef = EEAD10C52B19BA910078A08C /* PlaylistCell.swift */; };
		EEAD10C92B19C0CC0078A08C /* MySongsView.swift in Sources */ = {isa = PBXBuildFile; fileRef = EEAD10C82B19C0CC0078A08C /* MySongsView.swift */; };
		EEAD10CB2B19C3B40078A08C /* MySongsViewController.swift in Sources */ = {isa = PBXBuildFile; fileRef = EEAD10CA2B19C3B40078A08C /* MySongsViewController.swift */; };
		EEAD10CE2B1DB8430078A08C /* PopUpView.swift in Sources */ = {isa = PBXBuildFile; fileRef = EEAD10CD2B1DB8430078A08C /* PopUpView.swift */; };
		EEAD10D12B1DC3B30078A08C /* PopUpViewController.swift in Sources */ = {isa = PBXBuildFile; fileRef = EEAD10D02B1DC3B30078A08C /* PopUpViewController.swift */; };
		EEAD10D32B205B2C0078A08C /* PopUpPlaylistCell.swift in Sources */ = {isa = PBXBuildFile; fileRef = EEAD10D22B205B2C0078A08C /* PopUpPlaylistCell.swift */; };
		EEAD10D52B205E660078A08C /* PlaylistSelectView.swift in Sources */ = {isa = PBXBuildFile; fileRef = EEAD10D42B205E660078A08C /* PlaylistSelectView.swift */; };
		EEAD10D72B453C830078A08C /* CreateNewPlaylistView.swift in Sources */ = {isa = PBXBuildFile; fileRef = EEAD10D62B453C830078A08C /* CreateNewPlaylistView.swift */; };
		EEAD10D92B4541C50078A08C /* UnderLineTextField.swift in Sources */ = {isa = PBXBuildFile; fileRef = EEAD10D82B4541C50078A08C /* UnderLineTextField.swift */; };
		EEAD10DB2B4548A50078A08C /* UIButton+.swift in Sources */ = {isa = PBXBuildFile; fileRef = EEAD10DA2B4548A50078A08C /* UIButton+.swift */; };
		EEAD10DE2B57A58F0078A08C /* SongListView.swift in Sources */ = {isa = PBXBuildFile; fileRef = EEAD10DD2B57A58F0078A08C /* SongListView.swift */; };
		EEAD10E02B57A8160078A08C /* ReleaseViewController.swift in Sources */ = {isa = PBXBuildFile; fileRef = EEAD10DF2B57A8160078A08C /* ReleaseViewController.swift */; };
		EEAD10E22B57AEED0078A08C /* MySongViewController.swift in Sources */ = {isa = PBXBuildFile; fileRef = EEAD10E12B57AEED0078A08C /* MySongViewController.swift */; };
		EEAD10E42B57B5EF0078A08C /* SongDetailInfoView.swift in Sources */ = {isa = PBXBuildFile; fileRef = EEAD10E32B57B5EF0078A08C /* SongDetailInfoView.swift */; };
		EEE1C06C2B96F0BB001694CF /* CustomTabBarController.swift in Sources */ = {isa = PBXBuildFile; fileRef = EEE1C06B2B96F0BB001694CF /* CustomTabBarController.swift */; };
/* End PBXBuildFile section */

/* Begin PBXContainerItemProxy section */
		EEAD103E2AFB6D530078A08C /* PBXContainerItemProxy */ = {
			isa = PBXContainerItemProxy;
			containerPortal = EEAD101F2AFB6D520078A08C /* Project object */;
			proxyType = 1;
			remoteGlobalIDString = EEAD10262AFB6D520078A08C;
			remoteInfo = NANO;
		};
		EEAD10482AFB6D530078A08C /* PBXContainerItemProxy */ = {
			isa = PBXContainerItemProxy;
			containerPortal = EEAD101F2AFB6D520078A08C /* Project object */;
			proxyType = 1;
			remoteGlobalIDString = EEAD10262AFB6D520078A08C;
			remoteInfo = NANO;
		};
/* End PBXContainerItemProxy section */

/* Begin PBXFileReference section */
		EE3D97ED2BA06868007DC1DF /* PopUpViewModel.swift */ = {isa = PBXFileReference; lastKnownFileType = sourcecode.swift; path = PopUpViewModel.swift; sourceTree = "<group>"; };
		EEAD10272AFB6D520078A08C /* NANO.app */ = {isa = PBXFileReference; explicitFileType = wrapper.application; includeInIndex = 0; path = NANO.app; sourceTree = BUILT_PRODUCTS_DIR; };
		EEAD102A2AFB6D520078A08C /* AppDelegate.swift */ = {isa = PBXFileReference; lastKnownFileType = sourcecode.swift; path = AppDelegate.swift; sourceTree = "<group>"; };
		EEAD102C2AFB6D520078A08C /* SceneDelegate.swift */ = {isa = PBXFileReference; lastKnownFileType = sourcecode.swift; path = SceneDelegate.swift; sourceTree = "<group>"; };
		EEAD102E2AFB6D520078A08C /* ViewController.swift */ = {isa = PBXFileReference; lastKnownFileType = sourcecode.swift; path = ViewController.swift; sourceTree = "<group>"; };
		EEAD10332AFB6D530078A08C /* Assets.xcassets */ = {isa = PBXFileReference; lastKnownFileType = folder.assetcatalog; path = Assets.xcassets; sourceTree = "<group>"; };
		EEAD10362AFB6D530078A08C /* Base */ = {isa = PBXFileReference; lastKnownFileType = file.storyboard; name = Base; path = Base.lproj/LaunchScreen.storyboard; sourceTree = "<group>"; };
		EEAD10382AFB6D530078A08C /* Info.plist */ = {isa = PBXFileReference; lastKnownFileType = text.plist.xml; path = Info.plist; sourceTree = "<group>"; };
		EEAD103D2AFB6D530078A08C /* NANOTests.xctest */ = {isa = PBXFileReference; explicitFileType = wrapper.cfbundle; includeInIndex = 0; path = NANOTests.xctest; sourceTree = BUILT_PRODUCTS_DIR; };
		EEAD10412AFB6D530078A08C /* NANOTests.swift */ = {isa = PBXFileReference; lastKnownFileType = sourcecode.swift; path = NANOTests.swift; sourceTree = "<group>"; };
		EEAD10472AFB6D530078A08C /* NANOUITests.xctest */ = {isa = PBXFileReference; explicitFileType = wrapper.cfbundle; includeInIndex = 0; path = NANOUITests.xctest; sourceTree = BUILT_PRODUCTS_DIR; };
		EEAD104B2AFB6D530078A08C /* NANOUITests.swift */ = {isa = PBXFileReference; lastKnownFileType = sourcecode.swift; path = NANOUITests.swift; sourceTree = "<group>"; };
		EEAD104D2AFB6D530078A08C /* NANOUITestsLaunchTests.swift */ = {isa = PBXFileReference; lastKnownFileType = sourcecode.swift; path = NANOUITestsLaunchTests.swift; sourceTree = "<group>"; };
		EEAD10792B01F01D0078A08C /* Networks.swift */ = {isa = PBXFileReference; lastKnownFileType = sourcecode.swift; path = Networks.swift; sourceTree = "<group>"; };
		EEAD107D2B0359350078A08C /* SongsResponse.swift */ = {isa = PBXFileReference; lastKnownFileType = sourcecode.swift; path = SongsResponse.swift; sourceTree = "<group>"; };
		EEAD10802B049BA70078A08C /* SearchUseCase.swift */ = {isa = PBXFileReference; lastKnownFileType = sourcecode.swift; path = SearchUseCase.swift; sourceTree = "<group>"; };
		EEAD10822B073D420078A08C /* ReleaseUseCase.swift */ = {isa = PBXFileReference; lastKnownFileType = sourcecode.swift; path = ReleaseUseCase.swift; sourceTree = "<group>"; };
		EEAD10872B07431D0078A08C /* SearchViewModel.swift */ = {isa = PBXFileReference; lastKnownFileType = sourcecode.swift; path = SearchViewModel.swift; sourceTree = "<group>"; };
		EEAD10892B07480D0078A08C /* ViewModel.swift */ = {isa = PBXFileReference; lastKnownFileType = sourcecode.swift; path = ViewModel.swift; sourceTree = "<group>"; };
		EEAD108B2B0754FC0078A08C /* ReleaseViewModel.swift */ = {isa = PBXFileReference; lastKnownFileType = sourcecode.swift; path = ReleaseViewModel.swift; sourceTree = "<group>"; };
		EEAD108D2B0757BC0078A08C /* MySongsViewModel.swift */ = {isa = PBXFileReference; lastKnownFileType = sourcecode.swift; path = MySongsViewModel.swift; sourceTree = "<group>"; };
		EEAD108F2B075A5C0078A08C /* AppState.swift */ = {isa = PBXFileReference; lastKnownFileType = sourcecode.swift; path = AppState.swift; sourceTree = "<group>"; };
		EEAD10922B0DC63B0078A08C /* ChoiceViewController.swift */ = {isa = PBXFileReference; lastKnownFileType = sourcecode.swift; path = ChoiceViewController.swift; sourceTree = "<group>"; };
		EEAD10952B0DC6B40078A08C /* ChoiceView.swift */ = {isa = PBXFileReference; lastKnownFileType = sourcecode.swift; path = ChoiceView.swift; sourceTree = "<group>"; };
		EEAD10992B0DC8010078A08C /* TopLabelView.swift */ = {isa = PBXFileReference; lastKnownFileType = sourcecode.swift; path = TopLabelView.swift; sourceTree = "<group>"; };
		EEAD109D2B0DCF0C0078A08C /* UILabel+.swift */ = {isa = PBXFileReference; lastKnownFileType = sourcecode.swift; path = "UILabel+.swift"; sourceTree = "<group>"; };
		EEAD10A32B0DCFF70078A08C /* UIColor+.swift */ = {isa = PBXFileReference; lastKnownFileType = sourcecode.swift; path = "UIColor+.swift"; sourceTree = "<group>"; };
		EEAD10A52B0DD21D0078A08C /* UIFont+.swift */ = {isa = PBXFileReference; lastKnownFileType = sourcecode.swift; path = "UIFont+.swift"; sourceTree = "<group>"; };
		EEAD10A92B0DD8770078A08C /* CalculatingFigma.swift */ = {isa = PBXFileReference; lastKnownFileType = sourcecode.swift; path = CalculatingFigma.swift; sourceTree = "<group>"; };
		EEAD10AB2B0DDCD60078A08C /* BrandPickerView.swift */ = {isa = PBXFileReference; lastKnownFileType = sourcecode.swift; path = BrandPickerView.swift; sourceTree = "<group>"; };
		EEAD10AF2B0DE46F0078A08C /* MainButton.swift */ = {isa = PBXFileReference; lastKnownFileType = sourcecode.swift; path = MainButton.swift; sourceTree = "<group>"; };
		EEAD10B22B1488990078A08C /* SearchView.swift */ = {isa = PBXFileReference; lastKnownFileType = sourcecode.swift; path = SearchView.swift; sourceTree = "<group>"; };
		EEAD10B72B15C0780078A08C /* MainSearchBar.swift */ = {isa = PBXFileReference; lastKnownFileType = sourcecode.swift; path = MainSearchBar.swift; sourceTree = "<group>"; };
		EEAD10BA2B15CE520078A08C /* SongInfoCell.swift */ = {isa = PBXFileReference; lastKnownFileType = sourcecode.swift; path = SongInfoCell.swift; sourceTree = "<group>"; };
		EEAD10BE2B1604AC0078A08C /* Reusable.swift */ = {isa = PBXFileReference; lastKnownFileType = sourcecode.swift; path = Reusable.swift; sourceTree = "<group>"; };
		EEAD10C02B1705810078A08C /* SearchViewController.swift */ = {isa = PBXFileReference; lastKnownFileType = sourcecode.swift; path = SearchViewController.swift; sourceTree = "<group>"; };
		EEAD10C32B1720C30078A08C /* UITableView+.swift */ = {isa = PBXFileReference; lastKnownFileType = sourcecode.swift; path = "UITableView+.swift"; sourceTree = "<group>"; };
		EEAD10C52B19BA910078A08C /* PlaylistCell.swift */ = {isa = PBXFileReference; lastKnownFileType = sourcecode.swift; path = PlaylistCell.swift; sourceTree = "<group>"; };
		EEAD10C82B19C0CC0078A08C /* MySongsView.swift */ = {isa = PBXFileReference; lastKnownFileType = sourcecode.swift; path = MySongsView.swift; sourceTree = "<group>"; };
		EEAD10CA2B19C3B40078A08C /* MySongsViewController.swift */ = {isa = PBXFileReference; lastKnownFileType = sourcecode.swift; path = MySongsViewController.swift; sourceTree = "<group>"; };
		EEAD10CD2B1DB8430078A08C /* PopUpView.swift */ = {isa = PBXFileReference; lastKnownFileType = sourcecode.swift; path = PopUpView.swift; sourceTree = "<group>"; };
		EEAD10D02B1DC3B30078A08C /* PopUpViewController.swift */ = {isa = PBXFileReference; lastKnownFileType = sourcecode.swift; path = PopUpViewController.swift; sourceTree = "<group>"; };
		EEAD10D22B205B2C0078A08C /* PopUpPlaylistCell.swift */ = {isa = PBXFileReference; lastKnownFileType = sourcecode.swift; path = PopUpPlaylistCell.swift; sourceTree = "<group>"; };
		EEAD10D42B205E660078A08C /* PlaylistSelectView.swift */ = {isa = PBXFileReference; lastKnownFileType = sourcecode.swift; path = PlaylistSelectView.swift; sourceTree = "<group>"; };
		EEAD10D62B453C830078A08C /* CreateNewPlaylistView.swift */ = {isa = PBXFileReference; lastKnownFileType = sourcecode.swift; path = CreateNewPlaylistView.swift; sourceTree = "<group>"; };
		EEAD10D82B4541C50078A08C /* UnderLineTextField.swift */ = {isa = PBXFileReference; lastKnownFileType = sourcecode.swift; path = UnderLineTextField.swift; sourceTree = "<group>"; };
		EEAD10DA2B4548A50078A08C /* UIButton+.swift */ = {isa = PBXFileReference; lastKnownFileType = sourcecode.swift; path = "UIButton+.swift"; sourceTree = "<group>"; };
		EEAD10DD2B57A58F0078A08C /* SongListView.swift */ = {isa = PBXFileReference; lastKnownFileType = sourcecode.swift; path = SongListView.swift; sourceTree = "<group>"; };
		EEAD10DF2B57A8160078A08C /* ReleaseViewController.swift */ = {isa = PBXFileReference; lastKnownFileType = sourcecode.swift; path = ReleaseViewController.swift; sourceTree = "<group>"; };
		EEAD10E12B57AEED0078A08C /* MySongViewController.swift */ = {isa = PBXFileReference; lastKnownFileType = sourcecode.swift; path = MySongViewController.swift; sourceTree = "<group>"; };
		EEAD10E32B57B5EF0078A08C /* SongDetailInfoView.swift */ = {isa = PBXFileReference; lastKnownFileType = sourcecode.swift; path = SongDetailInfoView.swift; sourceTree = "<group>"; };
		EEE1C06B2B96F0BB001694CF /* CustomTabBarController.swift */ = {isa = PBXFileReference; lastKnownFileType = sourcecode.swift; path = CustomTabBarController.swift; sourceTree = "<group>"; };
/* End PBXFileReference section */

/* Begin PBXFrameworksBuildPhase section */
		EEAD10242AFB6D520078A08C /* Frameworks */ = {
			isa = PBXFrameworksBuildPhase;
			buildActionMask = 2147483647;
			files = (
				EEAD106D2AFB7B370078A08C /* RxSwift in Frameworks */,
				EEAD105C2AFB7AE70078A08C /* SnapKit in Frameworks */,
				EEAD10692AFB7B370078A08C /* RxRelay in Frameworks */,
				EEAD10652AFB7B370078A08C /* RxCocoa in Frameworks */,
			);
			runOnlyForDeploymentPostprocessing = 0;
		};
		EEAD103A2AFB6D530078A08C /* Frameworks */ = {
			isa = PBXFrameworksBuildPhase;
			buildActionMask = 2147483647;
			files = (
			);
			runOnlyForDeploymentPostprocessing = 0;
		};
		EEAD10442AFB6D530078A08C /* Frameworks */ = {
			isa = PBXFrameworksBuildPhase;
			buildActionMask = 2147483647;
			files = (
			);
			runOnlyForDeploymentPostprocessing = 0;
		};
/* End PBXFrameworksBuildPhase section */

/* Begin PBXGroup section */
		EEAD101E2AFB6D520078A08C = {
			isa = PBXGroup;
			children = (
				EEAD10292AFB6D520078A08C /* NANO */,
				EEAD10402AFB6D530078A08C /* NANOTests */,
				EEAD104A2AFB6D530078A08C /* NANOUITests */,
				EEAD10282AFB6D520078A08C /* Products */,
			);
			sourceTree = "<group>";
		};
		EEAD10282AFB6D520078A08C /* Products */ = {
			isa = PBXGroup;
			children = (
				EEAD10272AFB6D520078A08C /* NANO.app */,
				EEAD103D2AFB6D530078A08C /* NANOTests.xctest */,
				EEAD10472AFB6D530078A08C /* NANOUITests.xctest */,
			);
			name = Products;
			sourceTree = "<group>";
		};
		EEAD10292AFB6D520078A08C /* NANO */ = {
			isa = PBXGroup;
			children = (
				EEAD109B2B0DCECA0078A08C /* Utils */,
				EEAD107B2B0358FE0078A08C /* Domain */,
				EEAD10782AFE12060078A08C /* Data */,
				EEAD10762AFCF2960078A08C /* Resources */,
				EEAD10752AFCF2660078A08C /* Presentation */,
				EEAD10742AFCF2540078A08C /* Application */,
			);
			path = NANO;
			sourceTree = "<group>";
		};
		EEAD10402AFB6D530078A08C /* NANOTests */ = {
			isa = PBXGroup;
			children = (
				EEAD10412AFB6D530078A08C /* NANOTests.swift */,
			);
			path = NANOTests;
			sourceTree = "<group>";
		};
		EEAD104A2AFB6D530078A08C /* NANOUITests */ = {
			isa = PBXGroup;
			children = (
				EEAD104B2AFB6D530078A08C /* NANOUITests.swift */,
				EEAD104D2AFB6D530078A08C /* NANOUITestsLaunchTests.swift */,
			);
			path = NANOUITests;
			sourceTree = "<group>";
		};
		EEAD10742AFCF2540078A08C /* Application */ = {
			isa = PBXGroup;
			children = (
				EEAD10772AFCF2B20078A08C /* Config */,
				EEAD102A2AFB6D520078A08C /* AppDelegate.swift */,
				EEAD102C2AFB6D520078A08C /* SceneDelegate.swift */,
				EEAD108F2B075A5C0078A08C /* AppState.swift */,
			);
			path = Application;
			sourceTree = "<group>";
		};
		EEAD10752AFCF2660078A08C /* Presentation */ = {
			isa = PBXGroup;
			children = (
				EEAD10B92B15CE1F0078A08C /* Common */,
				EEAD10942B0DC6970078A08C /* Views */,
				EEAD10912B0DC6130078A08C /* ViewControllers */,
				EEAD10862B0742400078A08C /* ViewModels */,
				EEAD102E2AFB6D520078A08C /* ViewController.swift */,
				EEAD10352AFB6D530078A08C /* LaunchScreen.storyboard */,
			);
			path = Presentation;
			sourceTree = "<group>";
		};
		EEAD10762AFCF2960078A08C /* Resources */ = {
			isa = PBXGroup;
			children = (
				EEAD10332AFB6D530078A08C /* Assets.xcassets */,
			);
			path = Resources;
			sourceTree = "<group>";
		};
		EEAD10772AFCF2B20078A08C /* Config */ = {
			isa = PBXGroup;
			children = (
				EEAD10382AFB6D530078A08C /* Info.plist */,
			);
			path = Config;
			sourceTree = "<group>";
		};
		EEAD10782AFE12060078A08C /* Data */ = {
			isa = PBXGroup;
			children = (
				EEAD10792B01F01D0078A08C /* Networks.swift */,
			);
			path = Data;
			sourceTree = "<group>";
		};
		EEAD107B2B0358FE0078A08C /* Domain */ = {
			isa = PBXGroup;
			children = (
				EEAD107F2B0499410078A08C /* UseCases */,
				EEAD107C2B0359100078A08C /* Responses */,
			);
			path = Domain;
			sourceTree = "<group>";
		};
		EEAD107C2B0359100078A08C /* Responses */ = {
			isa = PBXGroup;
			children = (
				EEAD107D2B0359350078A08C /* SongsResponse.swift */,
			);
			path = Responses;
			sourceTree = "<group>";
		};
		EEAD107F2B0499410078A08C /* UseCases */ = {
			isa = PBXGroup;
			children = (
				EEAD10802B049BA70078A08C /* SearchUseCase.swift */,
				EEAD10822B073D420078A08C /* ReleaseUseCase.swift */,
			);
			path = UseCases;
			sourceTree = "<group>";
		};
		EEAD10862B0742400078A08C /* ViewModels */ = {
			isa = PBXGroup;
			children = (
				EEAD10872B07431D0078A08C /* SearchViewModel.swift */,
				EEAD108B2B0754FC0078A08C /* ReleaseViewModel.swift */,
				EEAD108D2B0757BC0078A08C /* MySongsViewModel.swift */,
				EE3D97ED2BA06868007DC1DF /* PopUpViewModel.swift */,
			);
			path = ViewModels;
			sourceTree = "<group>";
		};
		EEAD10912B0DC6130078A08C /* ViewControllers */ = {
			isa = PBXGroup;
			children = (
				EEAD10922B0DC63B0078A08C /* ChoiceViewController.swift */,
				EEAD10C02B1705810078A08C /* SearchViewController.swift */,
				EEAD10CA2B19C3B40078A08C /* MySongsViewController.swift */,
				EEAD10D02B1DC3B30078A08C /* PopUpViewController.swift */,
				EEAD10DF2B57A8160078A08C /* ReleaseViewController.swift */,
				EEAD10E12B57AEED0078A08C /* MySongViewController.swift */,
				EEE1C06B2B96F0BB001694CF /* CustomTabBarController.swift */,
			);
			path = ViewControllers;
			sourceTree = "<group>";
		};
		EEAD10942B0DC6970078A08C /* Views */ = {
			isa = PBXGroup;
			children = (
				EEAD10DD2B57A58F0078A08C /* SongListView.swift */,
				EEAD10CC2B1DB8260078A08C /* PopUp */,
				EEAD10C72B19C0A70078A08C /* MySongs */,
				EEAD10B12B14887B0078A08C /* Search */,
				EEAD10972B0DC7660078A08C /* Choice */,
			);
			path = Views;
			sourceTree = "<group>";
		};
		EEAD10972B0DC7660078A08C /* Choice */ = {
			isa = PBXGroup;
			children = (
				EEAD10982B0DC7720078A08C /* SubViews */,
				EEAD10952B0DC6B40078A08C /* ChoiceView.swift */,
			);
			path = Choice;
			sourceTree = "<group>";
		};
		EEAD10982B0DC7720078A08C /* SubViews */ = {
			isa = PBXGroup;
			children = (
				EEAD10992B0DC8010078A08C /* TopLabelView.swift */,
				EEAD10AB2B0DDCD60078A08C /* BrandPickerView.swift */,
			);
			path = SubViews;
			sourceTree = "<group>";
		};
		EEAD109B2B0DCECA0078A08C /* Utils */ = {
			isa = PBXGroup;
			children = (
				EEAD10BD2B16048A0078A08C /* Protocols */,
				EEAD109C2B0DCEF20078A08C /* Extensions */,
				EEAD10A92B0DD8770078A08C /* CalculatingFigma.swift */,
			);
			path = Utils;
			sourceTree = "<group>";
		};
		EEAD109C2B0DCEF20078A08C /* Extensions */ = {
			isa = PBXGroup;
			children = (
				EEAD109D2B0DCF0C0078A08C /* UILabel+.swift */,
				EEAD10A32B0DCFF70078A08C /* UIColor+.swift */,
				EEAD10A52B0DD21D0078A08C /* UIFont+.swift */,
				EEAD10C32B1720C30078A08C /* UITableView+.swift */,
				EEAD10DA2B4548A50078A08C /* UIButton+.swift */,
			);
			path = Extensions;
			sourceTree = "<group>";
		};
		EEAD10AD2B0DE41A0078A08C /* Components */ = {
			isa = PBXGroup;
			children = (
				EEAD10AF2B0DE46F0078A08C /* MainButton.swift */,
				EEAD10D82B4541C50078A08C /* UnderLineTextField.swift */,
			);
			path = Components;
			sourceTree = "<group>";
		};
		EEAD10B12B14887B0078A08C /* Search */ = {
			isa = PBXGroup;
			children = (
				EEAD10B42B14889F0078A08C /* SubViews */,
				EEAD10B22B1488990078A08C /* SearchView.swift */,
			);
			path = Search;
			sourceTree = "<group>";
		};
		EEAD10B42B14889F0078A08C /* SubViews */ = {
			isa = PBXGroup;
			children = (
				EEAD10B72B15C0780078A08C /* MainSearchBar.swift */,
			);
			path = SubViews;
			sourceTree = "<group>";
		};
		EEAD10B92B15CE1F0078A08C /* Common */ = {
			isa = PBXGroup;
			children = (
				EEAD10BC2B15E4A30078A08C /* Cells */,
				EEAD10AD2B0DE41A0078A08C /* Components */,
			);
			path = Common;
			sourceTree = "<group>";
		};
		EEAD10BC2B15E4A30078A08C /* Cells */ = {
			isa = PBXGroup;
			children = (
				EEAD10BA2B15CE520078A08C /* SongInfoCell.swift */,
				EEAD10C52B19BA910078A08C /* PlaylistCell.swift */,
				EEAD10D22B205B2C0078A08C /* PopUpPlaylistCell.swift */,
			);
			path = Cells;
			sourceTree = "<group>";
		};
		EEAD10BD2B16048A0078A08C /* Protocols */ = {
			isa = PBXGroup;
			children = (
				EEAD10892B07480D0078A08C /* ViewModel.swift */,
				EEAD10BE2B1604AC0078A08C /* Reusable.swift */,
			);
			path = Protocols;
			sourceTree = "<group>";
		};
		EEAD10C72B19C0A70078A08C /* MySongs */ = {
			isa = PBXGroup;
			children = (
				EEAD10C82B19C0CC0078A08C /* MySongsView.swift */,
			);
			path = MySongs;
			sourceTree = "<group>";
		};
		EEAD10CC2B1DB8260078A08C /* PopUp */ = {
			isa = PBXGroup;
			children = (
				EEAD10CF2B1DBDE10078A08C /* SubViews */,
				EEAD10CD2B1DB8430078A08C /* PopUpView.swift */,
			);
			path = PopUp;
			sourceTree = "<group>";
		};
		EEAD10CF2B1DBDE10078A08C /* SubViews */ = {
			isa = PBXGroup;
			children = (
				EEAD10D42B205E660078A08C /* PlaylistSelectView.swift */,
				EEAD10D62B453C830078A08C /* CreateNewPlaylistView.swift */,
				EEAD10E32B57B5EF0078A08C /* SongDetailInfoView.swift */,
			);
			path = SubViews;
			sourceTree = "<group>";
		};
/* End PBXGroup section */

/* Begin PBXNativeTarget section */
		EEAD10262AFB6D520078A08C /* NANO */ = {
			isa = PBXNativeTarget;
			buildConfigurationList = EEAD10512AFB6D530078A08C /* Build configuration list for PBXNativeTarget "NANO" */;
			buildPhases = (
				EEAD10232AFB6D520078A08C /* Sources */,
				EEAD10242AFB6D520078A08C /* Frameworks */,
				EEAD10252AFB6D520078A08C /* Resources */,
			);
			buildRules = (
			);
			dependencies = (
			);
			name = NANO;
			packageProductDependencies = (
				EEAD105B2AFB7AE70078A08C /* SnapKit */,
				EEAD10642AFB7B370078A08C /* RxCocoa */,
				EEAD10682AFB7B370078A08C /* RxRelay */,
				EEAD106C2AFB7B370078A08C /* RxSwift */,
			);
			productName = NANO;
			productReference = EEAD10272AFB6D520078A08C /* NANO.app */;
			productType = "com.apple.product-type.application";
		};
		EEAD103C2AFB6D530078A08C /* NANOTests */ = {
			isa = PBXNativeTarget;
			buildConfigurationList = EEAD10542AFB6D530078A08C /* Build configuration list for PBXNativeTarget "NANOTests" */;
			buildPhases = (
				EEAD10392AFB6D530078A08C /* Sources */,
				EEAD103A2AFB6D530078A08C /* Frameworks */,
				EEAD103B2AFB6D530078A08C /* Resources */,
			);
			buildRules = (
			);
			dependencies = (
				EEAD103F2AFB6D530078A08C /* PBXTargetDependency */,
			);
			name = NANOTests;
			productName = NANOTests;
			productReference = EEAD103D2AFB6D530078A08C /* NANOTests.xctest */;
			productType = "com.apple.product-type.bundle.unit-test";
		};
		EEAD10462AFB6D530078A08C /* NANOUITests */ = {
			isa = PBXNativeTarget;
			buildConfigurationList = EEAD10572AFB6D530078A08C /* Build configuration list for PBXNativeTarget "NANOUITests" */;
			buildPhases = (
				EEAD10432AFB6D530078A08C /* Sources */,
				EEAD10442AFB6D530078A08C /* Frameworks */,
				EEAD10452AFB6D530078A08C /* Resources */,
			);
			buildRules = (
			);
			dependencies = (
				EEAD10492AFB6D530078A08C /* PBXTargetDependency */,
			);
			name = NANOUITests;
			productName = NANOUITests;
			productReference = EEAD10472AFB6D530078A08C /* NANOUITests.xctest */;
			productType = "com.apple.product-type.bundle.ui-testing";
		};
/* End PBXNativeTarget section */

/* Begin PBXProject section */
		EEAD101F2AFB6D520078A08C /* Project object */ = {
			isa = PBXProject;
			attributes = {
				BuildIndependentTargetsInParallel = 1;
				LastSwiftUpdateCheck = 1500;
				LastUpgradeCheck = 1500;
				TargetAttributes = {
					EEAD10262AFB6D520078A08C = {
						CreatedOnToolsVersion = 15.0;
					};
					EEAD103C2AFB6D530078A08C = {
						CreatedOnToolsVersion = 15.0;
						TestTargetID = EEAD10262AFB6D520078A08C;
					};
					EEAD10462AFB6D530078A08C = {
						CreatedOnToolsVersion = 15.0;
						TestTargetID = EEAD10262AFB6D520078A08C;
					};
				};
			};
			buildConfigurationList = EEAD10222AFB6D520078A08C /* Build configuration list for PBXProject "NANO" */;
			compatibilityVersion = "Xcode 14.0";
			developmentRegion = en;
			hasScannedForEncodings = 0;
			knownRegions = (
				en,
				Base,
			);
			mainGroup = EEAD101E2AFB6D520078A08C;
			packageReferences = (
				EEAD105A2AFB7AE70078A08C /* XCRemoteSwiftPackageReference "SnapKit" */,
				EEAD105F2AFB7B370078A08C /* XCRemoteSwiftPackageReference "RxSwift" */,
			);
			productRefGroup = EEAD10282AFB6D520078A08C /* Products */;
			projectDirPath = "";
			projectRoot = "";
			targets = (
				EEAD10262AFB6D520078A08C /* NANO */,
				EEAD103C2AFB6D530078A08C /* NANOTests */,
				EEAD10462AFB6D530078A08C /* NANOUITests */,
			);
		};
/* End PBXProject section */

/* Begin PBXResourcesBuildPhase section */
		EEAD10252AFB6D520078A08C /* Resources */ = {
			isa = PBXResourcesBuildPhase;
			buildActionMask = 2147483647;
			files = (
				EEAD10372AFB6D530078A08C /* LaunchScreen.storyboard in Resources */,
				EEAD10342AFB6D530078A08C /* Assets.xcassets in Resources */,
			);
			runOnlyForDeploymentPostprocessing = 0;
		};
		EEAD103B2AFB6D530078A08C /* Resources */ = {
			isa = PBXResourcesBuildPhase;
			buildActionMask = 2147483647;
			files = (
			);
			runOnlyForDeploymentPostprocessing = 0;
		};
		EEAD10452AFB6D530078A08C /* Resources */ = {
			isa = PBXResourcesBuildPhase;
			buildActionMask = 2147483647;
			files = (
			);
			runOnlyForDeploymentPostprocessing = 0;
		};
/* End PBXResourcesBuildPhase section */

/* Begin PBXSourcesBuildPhase section */
		EEAD10232AFB6D520078A08C /* Sources */ = {
			isa = PBXSourcesBuildPhase;
			buildActionMask = 2147483647;
			files = (
				EEAD10AC2B0DDCD60078A08C /* BrandPickerView.swift in Sources */,
				EEAD10DB2B4548A50078A08C /* UIButton+.swift in Sources */,
				EEAD10B82B15C0780078A08C /* MainSearchBar.swift in Sources */,
				EEAD102F2AFB6D520078A08C /* ViewController.swift in Sources */,
				EE3D97EE2BA06868007DC1DF /* PopUpViewModel.swift in Sources */,
				EEAD10CB2B19C3B40078A08C /* MySongsViewController.swift in Sources */,
				EEAD10C42B1720C30078A08C /* UITableView+.swift in Sources */,
				EEAD108A2B07480D0078A08C /* ViewModel.swift in Sources */,
				EEAD10E02B57A8160078A08C /* ReleaseViewController.swift in Sources */,
				EEE1C06C2B96F0BB001694CF /* CustomTabBarController.swift in Sources */,
				EEAD10BF2B1604AC0078A08C /* Reusable.swift in Sources */,
				EEAD10D12B1DC3B30078A08C /* PopUpViewController.swift in Sources */,
				EEAD109E2B0DCF0C0078A08C /* UILabel+.swift in Sources */,
				EEAD102B2AFB6D520078A08C /* AppDelegate.swift in Sources */,
				EEAD10962B0DC6B40078A08C /* ChoiceView.swift in Sources */,
				EEAD10C12B1705810078A08C /* SearchViewController.swift in Sources */,
				EEAD10902B075A5C0078A08C /* AppState.swift in Sources */,
				EEAD10BB2B15CE520078A08C /* SongInfoCell.swift in Sources */,
				EEAD10C92B19C0CC0078A08C /* MySongsView.swift in Sources */,
				EEAD10882B07431D0078A08C /* SearchViewModel.swift in Sources */,
				EEAD10CE2B1DB8430078A08C /* PopUpView.swift in Sources */,
				EEAD10E42B57B5EF0078A08C /* SongDetailInfoView.swift in Sources */,
				EEAD10832B073D420078A08C /* ReleaseUseCase.swift in Sources */,
				EEAD10D32B205B2C0078A08C /* PopUpPlaylistCell.swift in Sources */,
				EEAD10A42B0DCFF70078A08C /* UIColor+.swift in Sources */,
				EEAD10C62B19BA920078A08C /* PlaylistCell.swift in Sources */,
				EEAD10B32B1488990078A08C /* SearchView.swift in Sources */,
				EEAD108E2B0757BC0078A08C /* MySongsViewModel.swift in Sources */,
				EEAD10A62B0DD21D0078A08C /* UIFont+.swift in Sources */,
				EEAD10B02B0DE46F0078A08C /* MainButton.swift in Sources */,
				EEAD10932B0DC63B0078A08C /* ChoiceViewController.swift in Sources */,
				EEAD10D72B453C830078A08C /* CreateNewPlaylistView.swift in Sources */,
				EEAD107A2B01F01D0078A08C /* Networks.swift in Sources */,
				EEAD10DE2B57A58F0078A08C /* SongListView.swift in Sources */,
				EEAD107E2B0359350078A08C /* SongsResponse.swift in Sources */,
				EEAD102D2AFB6D520078A08C /* SceneDelegate.swift in Sources */,
				EEAD10E22B57AEED0078A08C /* MySongViewController.swift in Sources */,
				EEAD10D92B4541C50078A08C /* UnderLineTextField.swift in Sources */,
				EEAD108C2B0754FC0078A08C /* ReleaseViewModel.swift in Sources */,
				EEAD10D52B205E660078A08C /* PlaylistSelectView.swift in Sources */,
				EEAD109A2B0DC8010078A08C /* TopLabelView.swift in Sources */,
				EEAD10AA2B0DD8770078A08C /* CalculatingFigma.swift in Sources */,
				EEAD10812B049BA70078A08C /* SearchUseCase.swift in Sources */,
			);
			runOnlyForDeploymentPostprocessing = 0;
		};
		EEAD10392AFB6D530078A08C /* Sources */ = {
			isa = PBXSourcesBuildPhase;
			buildActionMask = 2147483647;
			files = (
				EEAD10422AFB6D530078A08C /* NANOTests.swift in Sources */,
			);
			runOnlyForDeploymentPostprocessing = 0;
		};
		EEAD10432AFB6D530078A08C /* Sources */ = {
			isa = PBXSourcesBuildPhase;
			buildActionMask = 2147483647;
			files = (
				EEAD104E2AFB6D530078A08C /* NANOUITestsLaunchTests.swift in Sources */,
				EEAD104C2AFB6D530078A08C /* NANOUITests.swift in Sources */,
			);
			runOnlyForDeploymentPostprocessing = 0;
		};
/* End PBXSourcesBuildPhase section */

/* Begin PBXTargetDependency section */
		EEAD103F2AFB6D530078A08C /* PBXTargetDependency */ = {
			isa = PBXTargetDependency;
			target = EEAD10262AFB6D520078A08C /* NANO */;
			targetProxy = EEAD103E2AFB6D530078A08C /* PBXContainerItemProxy */;
		};
		EEAD10492AFB6D530078A08C /* PBXTargetDependency */ = {
			isa = PBXTargetDependency;
			target = EEAD10262AFB6D520078A08C /* NANO */;
			targetProxy = EEAD10482AFB6D530078A08C /* PBXContainerItemProxy */;
		};
/* End PBXTargetDependency section */

/* Begin PBXVariantGroup section */
		EEAD10352AFB6D530078A08C /* LaunchScreen.storyboard */ = {
			isa = PBXVariantGroup;
			children = (
				EEAD10362AFB6D530078A08C /* Base */,
			);
			name = LaunchScreen.storyboard;
			sourceTree = "<group>";
		};
/* End PBXVariantGroup section */

/* Begin XCBuildConfiguration section */
		EEAD104F2AFB6D530078A08C /* Debug */ = {
			isa = XCBuildConfiguration;
			buildSettings = {
				ALWAYS_SEARCH_USER_PATHS = NO;
				ASSETCATALOG_COMPILER_GENERATE_SWIFT_ASSET_SYMBOL_EXTENSIONS = YES;
				CLANG_ANALYZER_NONNULL = YES;
				CLANG_ANALYZER_NUMBER_OBJECT_CONVERSION = YES_AGGRESSIVE;
				CLANG_CXX_LANGUAGE_STANDARD = "gnu++20";
				CLANG_ENABLE_MODULES = YES;
				CLANG_ENABLE_OBJC_ARC = YES;
				CLANG_ENABLE_OBJC_WEAK = YES;
				CLANG_WARN_BLOCK_CAPTURE_AUTORELEASING = YES;
				CLANG_WARN_BOOL_CONVERSION = YES;
				CLANG_WARN_COMMA = YES;
				CLANG_WARN_CONSTANT_CONVERSION = YES;
				CLANG_WARN_DEPRECATED_OBJC_IMPLEMENTATIONS = YES;
				CLANG_WARN_DIRECT_OBJC_ISA_USAGE = YES_ERROR;
				CLANG_WARN_DOCUMENTATION_COMMENTS = YES;
				CLANG_WARN_EMPTY_BODY = YES;
				CLANG_WARN_ENUM_CONVERSION = YES;
				CLANG_WARN_INFINITE_RECURSION = YES;
				CLANG_WARN_INT_CONVERSION = YES;
				CLANG_WARN_NON_LITERAL_NULL_CONVERSION = YES;
				CLANG_WARN_OBJC_IMPLICIT_RETAIN_SELF = YES;
				CLANG_WARN_OBJC_LITERAL_CONVERSION = YES;
				CLANG_WARN_OBJC_ROOT_CLASS = YES_ERROR;
				CLANG_WARN_QUOTED_INCLUDE_IN_FRAMEWORK_HEADER = YES;
				CLANG_WARN_RANGE_LOOP_ANALYSIS = YES;
				CLANG_WARN_STRICT_PROTOTYPES = YES;
				CLANG_WARN_SUSPICIOUS_MOVE = YES;
				CLANG_WARN_UNGUARDED_AVAILABILITY = YES_AGGRESSIVE;
				CLANG_WARN_UNREACHABLE_CODE = YES;
				CLANG_WARN__DUPLICATE_METHOD_MATCH = YES;
				COPY_PHASE_STRIP = NO;
				DEBUG_INFORMATION_FORMAT = dwarf;
				ENABLE_STRICT_OBJC_MSGSEND = YES;
				ENABLE_TESTABILITY = YES;
				ENABLE_USER_SCRIPT_SANDBOXING = YES;
				GCC_C_LANGUAGE_STANDARD = gnu17;
				GCC_DYNAMIC_NO_PIC = NO;
				GCC_NO_COMMON_BLOCKS = YES;
				GCC_OPTIMIZATION_LEVEL = 0;
				GCC_PREPROCESSOR_DEFINITIONS = (
					"DEBUG=1",
					"$(inherited)",
				);
				GCC_WARN_64_TO_32_BIT_CONVERSION = YES;
				GCC_WARN_ABOUT_RETURN_TYPE = YES_ERROR;
				GCC_WARN_UNDECLARED_SELECTOR = YES;
				GCC_WARN_UNINITIALIZED_AUTOS = YES_AGGRESSIVE;
				GCC_WARN_UNUSED_FUNCTION = YES;
				GCC_WARN_UNUSED_VARIABLE = YES;
				IPHONEOS_DEPLOYMENT_TARGET = 15.0;
				LOCALIZATION_PREFERS_STRING_CATALOGS = YES;
				MTL_ENABLE_DEBUG_INFO = INCLUDE_SOURCE;
				MTL_FAST_MATH = YES;
				ONLY_ACTIVE_ARCH = YES;
				SDKROOT = iphoneos;
				SWIFT_ACTIVE_COMPILATION_CONDITIONS = "DEBUG $(inherited)";
				SWIFT_OPTIMIZATION_LEVEL = "-Onone";
			};
			name = Debug;
		};
		EEAD10502AFB6D530078A08C /* Release */ = {
			isa = XCBuildConfiguration;
			buildSettings = {
				ALWAYS_SEARCH_USER_PATHS = NO;
				ASSETCATALOG_COMPILER_GENERATE_SWIFT_ASSET_SYMBOL_EXTENSIONS = YES;
				CLANG_ANALYZER_NONNULL = YES;
				CLANG_ANALYZER_NUMBER_OBJECT_CONVERSION = YES_AGGRESSIVE;
				CLANG_CXX_LANGUAGE_STANDARD = "gnu++20";
				CLANG_ENABLE_MODULES = YES;
				CLANG_ENABLE_OBJC_ARC = YES;
				CLANG_ENABLE_OBJC_WEAK = YES;
				CLANG_WARN_BLOCK_CAPTURE_AUTORELEASING = YES;
				CLANG_WARN_BOOL_CONVERSION = YES;
				CLANG_WARN_COMMA = YES;
				CLANG_WARN_CONSTANT_CONVERSION = YES;
				CLANG_WARN_DEPRECATED_OBJC_IMPLEMENTATIONS = YES;
				CLANG_WARN_DIRECT_OBJC_ISA_USAGE = YES_ERROR;
				CLANG_WARN_DOCUMENTATION_COMMENTS = YES;
				CLANG_WARN_EMPTY_BODY = YES;
				CLANG_WARN_ENUM_CONVERSION = YES;
				CLANG_WARN_INFINITE_RECURSION = YES;
				CLANG_WARN_INT_CONVERSION = YES;
				CLANG_WARN_NON_LITERAL_NULL_CONVERSION = YES;
				CLANG_WARN_OBJC_IMPLICIT_RETAIN_SELF = YES;
				CLANG_WARN_OBJC_LITERAL_CONVERSION = YES;
				CLANG_WARN_OBJC_ROOT_CLASS = YES_ERROR;
				CLANG_WARN_QUOTED_INCLUDE_IN_FRAMEWORK_HEADER = YES;
				CLANG_WARN_RANGE_LOOP_ANALYSIS = YES;
				CLANG_WARN_STRICT_PROTOTYPES = YES;
				CLANG_WARN_SUSPICIOUS_MOVE = YES;
				CLANG_WARN_UNGUARDED_AVAILABILITY = YES_AGGRESSIVE;
				CLANG_WARN_UNREACHABLE_CODE = YES;
				CLANG_WARN__DUPLICATE_METHOD_MATCH = YES;
				COPY_PHASE_STRIP = NO;
				DEBUG_INFORMATION_FORMAT = "dwarf-with-dsym";
				ENABLE_NS_ASSERTIONS = NO;
				ENABLE_STRICT_OBJC_MSGSEND = YES;
				ENABLE_USER_SCRIPT_SANDBOXING = YES;
				GCC_C_LANGUAGE_STANDARD = gnu17;
				GCC_NO_COMMON_BLOCKS = YES;
				GCC_WARN_64_TO_32_BIT_CONVERSION = YES;
				GCC_WARN_ABOUT_RETURN_TYPE = YES_ERROR;
				GCC_WARN_UNDECLARED_SELECTOR = YES;
				GCC_WARN_UNINITIALIZED_AUTOS = YES_AGGRESSIVE;
				GCC_WARN_UNUSED_FUNCTION = YES;
				GCC_WARN_UNUSED_VARIABLE = YES;
				IPHONEOS_DEPLOYMENT_TARGET = 15.0;
				LOCALIZATION_PREFERS_STRING_CATALOGS = YES;
				MTL_ENABLE_DEBUG_INFO = NO;
				MTL_FAST_MATH = YES;
				SDKROOT = iphoneos;
				SWIFT_COMPILATION_MODE = wholemodule;
				VALIDATE_PRODUCT = YES;
			};
			name = Release;
		};
		EEAD10522AFB6D530078A08C /* Debug */ = {
			isa = XCBuildConfiguration;
			buildSettings = {
				ASSETCATALOG_COMPILER_APPICON_NAME = AppIcon;
				ASSETCATALOG_COMPILER_GLOBAL_ACCENT_COLOR_NAME = AccentColor;
				CODE_SIGN_STYLE = Automatic;
				CURRENT_PROJECT_VERSION = 1;
				DEVELOPMENT_TEAM = 585F6TK5A8;
				GENERATE_INFOPLIST_FILE = YES;
				INFOPLIST_FILE = NANO/Application/Config/Info.plist;
				INFOPLIST_KEY_UIApplicationSupportsIndirectInputEvents = YES;
				INFOPLIST_KEY_UILaunchStoryboardName = LaunchScreen;
				INFOPLIST_KEY_UIStatusBarStyle = "";
				INFOPLIST_KEY_UISupportedInterfaceOrientations = UIInterfaceOrientationPortrait;
				INFOPLIST_KEY_UISupportedInterfaceOrientations_iPad = "UIInterfaceOrientationLandscapeLeft UIInterfaceOrientationLandscapeRight UIInterfaceOrientationPortrait";
				IPHONEOS_DEPLOYMENT_TARGET = 15.0;
				LD_RUNPATH_SEARCH_PATHS = (
					"$(inherited)",
					"@executable_path/Frameworks",
				);
				MARKETING_VERSION = 1.0;
				PRODUCT_BUNDLE_IDENTIFIER = ilgob.NANO;
				PRODUCT_NAME = "$(TARGET_NAME)";
				SUPPORTED_PLATFORMS = "iphoneos iphonesimulator";
				SUPPORTS_MACCATALYST = NO;
				SUPPORTS_MAC_DESIGNED_FOR_IPHONE_IPAD = NO;
				SWIFT_EMIT_LOC_STRINGS = YES;
				SWIFT_VERSION = 5.0;
				TARGETED_DEVICE_FAMILY = 1;
			};
			name = Debug;
		};
		EEAD10532AFB6D530078A08C /* Release */ = {
			isa = XCBuildConfiguration;
			buildSettings = {
				ASSETCATALOG_COMPILER_APPICON_NAME = AppIcon;
				ASSETCATALOG_COMPILER_GLOBAL_ACCENT_COLOR_NAME = AccentColor;
				CODE_SIGN_STYLE = Automatic;
				CURRENT_PROJECT_VERSION = 1;
				DEVELOPMENT_TEAM = 585F6TK5A8;
				GENERATE_INFOPLIST_FILE = YES;
				INFOPLIST_FILE = NANO/Application/Config/Info.plist;
				INFOPLIST_KEY_UIApplicationSupportsIndirectInputEvents = YES;
				INFOPLIST_KEY_UILaunchStoryboardName = LaunchScreen;
				INFOPLIST_KEY_UIStatusBarStyle = "";
				INFOPLIST_KEY_UISupportedInterfaceOrientations = UIInterfaceOrientationPortrait;
				INFOPLIST_KEY_UISupportedInterfaceOrientations_iPad = "UIInterfaceOrientationLandscapeLeft UIInterfaceOrientationLandscapeRight UIInterfaceOrientationPortrait";
				IPHONEOS_DEPLOYMENT_TARGET = 15.0;
				LD_RUNPATH_SEARCH_PATHS = (
					"$(inherited)",
					"@executable_path/Frameworks",
				);
				MARKETING_VERSION = 1.0;
				PRODUCT_BUNDLE_IDENTIFIER = ilgob.NANO;
				PRODUCT_NAME = "$(TARGET_NAME)";
				SUPPORTED_PLATFORMS = "iphoneos iphonesimulator";
				SUPPORTS_MACCATALYST = NO;
				SUPPORTS_MAC_DESIGNED_FOR_IPHONE_IPAD = NO;
				SWIFT_EMIT_LOC_STRINGS = YES;
				SWIFT_VERSION = 5.0;
				TARGETED_DEVICE_FAMILY = 1;
			};
			name = Release;
		};
		EEAD10552AFB6D530078A08C /* Debug */ = {
			isa = XCBuildConfiguration;
			buildSettings = {
				ALWAYS_EMBED_SWIFT_STANDARD_LIBRARIES = YES;
				BUNDLE_LOADER = "$(TEST_HOST)";
				CODE_SIGN_STYLE = Automatic;
				CURRENT_PROJECT_VERSION = 1;
				DEVELOPMENT_TEAM = 585F6TK5A8;
				GENERATE_INFOPLIST_FILE = YES;
				IPHONEOS_DEPLOYMENT_TARGET = 17.0;
				MARKETING_VERSION = 1.0;
				PRODUCT_BUNDLE_IDENTIFIER = ilgob.NANOTests;
				PRODUCT_NAME = "$(TARGET_NAME)";
				SWIFT_EMIT_LOC_STRINGS = NO;
				SWIFT_VERSION = 5.0;
				TARGETED_DEVICE_FAMILY = "1,2";
				TEST_HOST = "$(BUILT_PRODUCTS_DIR)/NANO.app/$(BUNDLE_EXECUTABLE_FOLDER_PATH)/NANO";
			};
			name = Debug;
		};
		EEAD10562AFB6D530078A08C /* Release */ = {
			isa = XCBuildConfiguration;
			buildSettings = {
				ALWAYS_EMBED_SWIFT_STANDARD_LIBRARIES = YES;
				BUNDLE_LOADER = "$(TEST_HOST)";
				CODE_SIGN_STYLE = Automatic;
				CURRENT_PROJECT_VERSION = 1;
				DEVELOPMENT_TEAM = 585F6TK5A8;
				GENERATE_INFOPLIST_FILE = YES;
				IPHONEOS_DEPLOYMENT_TARGET = 17.0;
				MARKETING_VERSION = 1.0;
				PRODUCT_BUNDLE_IDENTIFIER = ilgob.NANOTests;
				PRODUCT_NAME = "$(TARGET_NAME)";
				SWIFT_EMIT_LOC_STRINGS = NO;
				SWIFT_VERSION = 5.0;
				TARGETED_DEVICE_FAMILY = "1,2";
				TEST_HOST = "$(BUILT_PRODUCTS_DIR)/NANO.app/$(BUNDLE_EXECUTABLE_FOLDER_PATH)/NANO";
			};
			name = Release;
		};
		EEAD10582AFB6D530078A08C /* Debug */ = {
			isa = XCBuildConfiguration;
			buildSettings = {
				ALWAYS_EMBED_SWIFT_STANDARD_LIBRARIES = YES;
				CODE_SIGN_STYLE = Automatic;
				CURRENT_PROJECT_VERSION = 1;
				DEVELOPMENT_TEAM = 585F6TK5A8;
				GENERATE_INFOPLIST_FILE = YES;
				MARKETING_VERSION = 1.0;
				PRODUCT_BUNDLE_IDENTIFIER = ilgob.NANOUITests;
				PRODUCT_NAME = "$(TARGET_NAME)";
				SWIFT_EMIT_LOC_STRINGS = NO;
				SWIFT_VERSION = 5.0;
				TARGETED_DEVICE_FAMILY = "1,2";
				TEST_TARGET_NAME = NANO;
			};
			name = Debug;
		};
		EEAD10592AFB6D530078A08C /* Release */ = {
			isa = XCBuildConfiguration;
			buildSettings = {
				ALWAYS_EMBED_SWIFT_STANDARD_LIBRARIES = YES;
				CODE_SIGN_STYLE = Automatic;
				CURRENT_PROJECT_VERSION = 1;
				DEVELOPMENT_TEAM = 585F6TK5A8;
				GENERATE_INFOPLIST_FILE = YES;
				MARKETING_VERSION = 1.0;
				PRODUCT_BUNDLE_IDENTIFIER = ilgob.NANOUITests;
				PRODUCT_NAME = "$(TARGET_NAME)";
				SWIFT_EMIT_LOC_STRINGS = NO;
				SWIFT_VERSION = 5.0;
				TARGETED_DEVICE_FAMILY = "1,2";
				TEST_TARGET_NAME = NANO;
			};
			name = Release;
		};
/* End XCBuildConfiguration section */

/* Begin XCConfigurationList section */
		EEAD10222AFB6D520078A08C /* Build configuration list for PBXProject "NANO" */ = {
			isa = XCConfigurationList;
			buildConfigurations = (
				EEAD104F2AFB6D530078A08C /* Debug */,
				EEAD10502AFB6D530078A08C /* Release */,
			);
			defaultConfigurationIsVisible = 0;
			defaultConfigurationName = Release;
		};
		EEAD10512AFB6D530078A08C /* Build configuration list for PBXNativeTarget "NANO" */ = {
			isa = XCConfigurationList;
			buildConfigurations = (
				EEAD10522AFB6D530078A08C /* Debug */,
				EEAD10532AFB6D530078A08C /* Release */,
			);
			defaultConfigurationIsVisible = 0;
			defaultConfigurationName = Release;
		};
		EEAD10542AFB6D530078A08C /* Build configuration list for PBXNativeTarget "NANOTests" */ = {
			isa = XCConfigurationList;
			buildConfigurations = (
				EEAD10552AFB6D530078A08C /* Debug */,
				EEAD10562AFB6D530078A08C /* Release */,
			);
			defaultConfigurationIsVisible = 0;
			defaultConfigurationName = Release;
		};
		EEAD10572AFB6D530078A08C /* Build configuration list for PBXNativeTarget "NANOUITests" */ = {
			isa = XCConfigurationList;
			buildConfigurations = (
				EEAD10582AFB6D530078A08C /* Debug */,
				EEAD10592AFB6D530078A08C /* Release */,
			);
			defaultConfigurationIsVisible = 0;
			defaultConfigurationName = Release;
		};
/* End XCConfigurationList section */

/* Begin XCRemoteSwiftPackageReference section */
		EEAD105A2AFB7AE70078A08C /* XCRemoteSwiftPackageReference "SnapKit" */ = {
			isa = XCRemoteSwiftPackageReference;
			repositoryURL = "https://github.com/SnapKit/SnapKit";
			requirement = {
				kind = upToNextMajorVersion;
				minimumVersion = 5.6.0;
			};
		};
		EEAD105F2AFB7B370078A08C /* XCRemoteSwiftPackageReference "RxSwift" */ = {
			isa = XCRemoteSwiftPackageReference;
			repositoryURL = "https://github.com/ReactiveX/RxSwift";
			requirement = {
				kind = upToNextMajorVersion;
				minimumVersion = 6.6.0;
			};
		};
/* End XCRemoteSwiftPackageReference section */

/* Begin XCSwiftPackageProductDependency section */
		EEAD105B2AFB7AE70078A08C /* SnapKit */ = {
			isa = XCSwiftPackageProductDependency;
			package = EEAD105A2AFB7AE70078A08C /* XCRemoteSwiftPackageReference "SnapKit" */;
			productName = SnapKit;
		};
		EEAD10642AFB7B370078A08C /* RxCocoa */ = {
			isa = XCSwiftPackageProductDependency;
			package = EEAD105F2AFB7B370078A08C /* XCRemoteSwiftPackageReference "RxSwift" */;
			productName = RxCocoa;
		};
		EEAD10682AFB7B370078A08C /* RxRelay */ = {
			isa = XCSwiftPackageProductDependency;
			package = EEAD105F2AFB7B370078A08C /* XCRemoteSwiftPackageReference "RxSwift" */;
			productName = RxRelay;
		};
		EEAD106C2AFB7B370078A08C /* RxSwift */ = {
			isa = XCSwiftPackageProductDependency;
			package = EEAD105F2AFB7B370078A08C /* XCRemoteSwiftPackageReference "RxSwift" */;
			productName = RxSwift;
		};
/* End XCSwiftPackageProductDependency section */
	};
	rootObject = EEAD101F2AFB6D520078A08C /* Project object */;
}
